{
  "nodes": {
    "babashka-src": {
      "flake": false,
      "locked": {
        "lastModified": 1787777408,
        "narHash": "sha256-LlDPqQYpYlfO0AIARjCFL6uKq/Vy+jAacr3/SERnOLU=",
        "ref": "refs/heads/master",
        "rev": "44bb86e07025391c91dba75c4362e7d6248610b0",
        "revCount": 4636,
        "submodules": true,
        "type": "git",
        "url": "https://github.com/babashka/babashka.git"
      },
      "original": {
        "submodules": true,
        "type": "git",
        "url": "https://github.com/babashka/babashka.git"
      }
    },
    "flakelight": {
      "inputs": {
        "nixpkgs": [
          "nixpkgs"
        ]
      },
      "locked": {
        "lastModified": 1787576251,
        "narHash": "sha256-F3Giew387kwGw1r4IR9AdFifxOORRBHEHwsCEevnV/g=",
        "owner": "nix-community",
        "repo": "flakelight",
        "rev": "4d9eabe93ff4d73cc195a0e8dec0f3fbac31c226",
        "type": "github"
      },
      "original": {
        "owner": "nix-community",
        "repo": "flakelight",
        "type": "github"
      }
    },
    "jolt": {
      "inputs": {
        "makes": "makes",
        "nixpkgs": [
          "nixpkgs"
        ]
      },
      "locked": {
        "lastModified": 1787809268,
        "narHash": "sha256-acoucwPUfuu0vY1mL4ixaBQatYrlYWbsF5EPWkus6Zo=",
        "ref": "refs/heads/main",
        "rev": "aafa0fc37f48847469cf0c6230b09f95cf68630a",
        "revCount": 2718,
        "submodules": true,
        "type": "git",
        "url": "https://github.com/jolt-lang/jolt.git"
      },
      "original": {
        "submodules": true,
        "type": "git",
        "url": "https://github.com/jolt-lang/jolt.git"
      }
    },
    "makes": {
      "flake": false,
      "locked": {
        "lastModified": 1785480273,
        "narHash": "sha256-/g8O4PW0v3NNChKyrWw/EqpEAUCKiI9/KFE2EiXoUlA=",
        "owner": "makeplus",
        "repo": "makes",
        "rev": "d14cb578c2f04e6f9d00e01c7c4e416a9baf94e9",
        "type": "github"
      },
      "original": {
        "owner": "makeplus",
        "repo": "makes",
        "rev": "d14cb578c2f04e6f9d00e01c7c4e416a9baf94e9",
        "type": "github"
      }
    },
    "nixpkgs": {
      "locked": {
        "lastModified": 1787498568,
        "narHash": "sha256-9i/VTdusq/+NM/tz+J1Re+ojkMB8MBf0QshnYfzHz30=",
        "rev": "56c02bc00adcf003215cc4bd996d6efaf4cff188",
        "revCount": 1060451,
        "type": "tarball",
        "url": "https://api.flakehub.com/f/pinned/NixOS/nixpkgs/0.1.1060451%2Brev-56c02bc00adcf003215cc4bd996d6efaf4cff188/01a034df-871e-72e1-9295-6ebb32070ef3/source.tar.gz"
      },
      "original": {
        "type": "tarball",
        "url": "https://flakehub.com/f/NixOS/nixpkgs/0.1"
      }
    },
    "root": {
      "inputs": {
        "babashka-src": "babashka-src",
        "flakelight": "flakelight",
        "jolt": "jolt",
        "nixpkgs": "nixpkgs"
      }
    }
  },
  "root": "root",
  "version": 7
}
